
Microsoft Visual Studio Solution File, Format Version 12.00
# Visual Studio Version 16
VisualStudioVersion = 16.0.31321.278
MinimumVisualStudioVersion = 10.0.40219.1
Project("{FAE04EC0-301F-11D3-BF4B-00C04F79EFBC}") = "TextAnalyser", "TextAnalyser\TextAnalyser.csproj", "{97DA4DE0-4A6D-4657-AF7F-28258DFD0729}"
EndProject
Project("{FAE04EC0-301F-11D3-BF4B-00C04F79EFBC}") = "TextAnalyserTest", "TextAnalyserTest\TextAnalyserTest.csproj", "{9E8BEE3B-A03E-4850-BD9A-F763FE0C8877}"
EndProject
Global
	GlobalSection(SolutionConfigurationPlatforms) = preSolution
		Debug|Any CPU = Debug|Any CPU
		Release|Any CPU = Release|Any CPU
	EndGlobalSection
	GlobalSection(ProjectConfigurationPlatforms) = postSolution
		{97DA4DE0-4A6D-4657-AF7F-28258DFD0729}.Debug|Any CPU.ActiveCfg = Debug|Any CPU
		{97DA4DE0-4A6D-4657-AF7F-28258DFD0729}.Debug|Any CPU.Build.0 = Debug|Any CPU
		{97DA4DE0-4A6D-4657-AF7F-28258DFD0729}.Release|Any CPU.ActiveCfg = Release|Any CPU
		{97DA4DE0-4A6D-4657-AF7F-28258DFD0729}.Release|Any CPU.Build.0 = Release|Any CPU
		{9E8BEE3B-A03E-4850-BD9A-F763FE0C8877}.Debug|Any CPU.ActiveCfg = Debug|Any CPU
		{9E8BEE3B-A03E-4850-BD9A-F763FE0C8877}.Debug|Any CPU.Build.0 = Debug|Any CPU
		{9E8BEE3B-A03E-4850-BD9A-F763FE0C8877}.Release|Any CPU.ActiveCfg = Release|Any CPU
		{9E8BEE3B-A03E-4850-BD9A-F763FE0C8877}.Release|Any CPU.Build.0 = Release|Any CPU
	EndGlobalSection
	GlobalSection(SolutionProperties) = preSolution
		HideSolutionNode = FALSE
	EndGlobalSection
	GlobalSection(ExtensibilityGlobals) = postSolution
		SolutionGuid = {392AE83D-9932-4294-AEF1-B7AA2C3E0789}
	EndGlobalSection
EndGlobal
